// !$*UTF8*$!
{
	archiveVersion = 1;
	classes = {
	};
	objectVersion = 50;
	objects = {

/* Begin PBXBuildFile section */
		0B56620568BA899532C69C0F /* Pods_TheSeven7UITests.framework in Frameworks */ = {isa = PBXBuildFile; fileRef = BEA935F86EA1331F6540DB45 /* Pods_TheSeven7UITests.framework */; };
		1F828EAD2335A8C200A93A77 /* AgeSelectionViewController.swift in Sources */ = {isa = PBXBuildFile; fileRef = 1F828EAC2335A8C200A93A77 /* AgeSelectionViewController.swift */; };
		1F828EAF2335AA5200A93A77 /* ParentPasswordViewController.swift in Sources */ = {isa = PBXBuildFile; fileRef = 1F828EAE2335AA5200A93A77 /* ParentPasswordViewController.swift */; };
		535B991304E158DB43C5A350 /* Pods_TheSeven7Tests.framework in Frameworks */ = {isa = PBXBuildFile; fileRef = A2640FD50BF0C9CE6D982906 /* Pods_TheSeven7Tests.framework */; };
		7B6B1A208076851F4364E4ED /* Pods_TheSeven7.framework in Frameworks */ = {isa = PBXBuildFile; fileRef = 9D0AB2674D0FB62D0B53EEF8 /* Pods_TheSeven7.framework */; };
		AB8A63F623359E9100BC2D7A /* AppDelegate.swift in Sources */ = {isa = PBXBuildFile; fileRef = AB8A63F523359E9100BC2D7A /* AppDelegate.swift */; };
		AB8A63F823359E9100BC2D7A /* ViewController.swift in Sources */ = {isa = PBXBuildFile; fileRef = AB8A63F723359E9100BC2D7A /* ViewController.swift */; };
		AB8A63FB23359E9100BC2D7A /* Main.storyboard in Resources */ = {isa = PBXBuildFile; fileRef = AB8A63F923359E9100BC2D7A /* Main.storyboard */; };
		AB8A63FD23359E9300BC2D7A /* Assets.xcassets in Resources */ = {isa = PBXBuildFile; fileRef = AB8A63FC23359E9300BC2D7A /* Assets.xcassets */; };
		AB8A640023359E9300BC2D7A /* LaunchScreen.storyboard in Resources */ = {isa = PBXBuildFile; fileRef = AB8A63FE23359E9300BC2D7A /* LaunchScreen.storyboard */; };
		AB8A640B23359E9300BC2D7A /* TheSeven7Tests.swift in Sources */ = {isa = PBXBuildFile; fileRef = AB8A640A23359E9300BC2D7A /* TheSeven7Tests.swift */; };
		AB8A641623359E9300BC2D7A /* TheSeven7UITests.swift in Sources */ = {isa = PBXBuildFile; fileRef = AB8A641523359E9300BC2D7A /* TheSeven7UITests.swift */; };
		AB8A64242335A10500BC2D7A /* ParentViewController.swift in Sources */ = {isa = PBXBuildFile; fileRef = AB8A64232335A10500BC2D7A /* ParentViewController.swift */; };
/* End PBXBuildFile section */

/* Begin PBXContainerItemProxy section */
		AB8A640723359E9300BC2D7A /* PBXContainerItemProxy */ = {
			isa = PBXContainerItemProxy;
			containerPortal = AB8A63EA23359E9100BC2D7A /* Project object */;
			proxyType = 1;
			remoteGlobalIDString = AB8A63F123359E9100BC2D7A;
			remoteInfo = TheSeven7;
		};
		AB8A641223359E9300BC2D7A /* PBXContainerItemProxy */ = {
			isa = PBXContainerItemProxy;
			containerPortal = AB8A63EA23359E9100BC2D7A /* Project object */;
			proxyType = 1;
			remoteGlobalIDString = AB8A63F123359E9100BC2D7A;
			remoteInfo = TheSeven7;
		};
/* End PBXContainerItemProxy section */

/* Begin PBXFileReference section */
		1F828EAC2335A8C200A93A77 /* AgeSelectionViewController.swift */ = {isa = PBXFileReference; lastKnownFileType = sourcecode.swift; path = AgeSelectionViewController.swift; sourceTree = "<group>"; };
		1F828EAE2335AA5200A93A77 /* ParentPasswordViewController.swift */ = {isa = PBXFileReference; lastKnownFileType = sourcecode.swift; path = ParentPasswordViewController.swift; sourceTree = "<group>"; };
		3CDE58E63A8E10378031129E /* Pods-TheSeven7UITests.release.xcconfig */ = {isa = PBXFileReference; includeInIndex = 1; lastKnownFileType = text.xcconfig; name = "Pods-TheSeven7UITests.release.xcconfig"; path = "Target Support Files/Pods-TheSeven7UITests/Pods-TheSeven7UITests.release.xcconfig"; sourceTree = "<group>"; };
		3D65736BE466911C8A237BE0 /* Pods-TheSeven7Tests.debug.xcconfig */ = {isa = PBXFileReference; includeInIndex = 1; lastKnownFileType = text.xcconfig; name = "Pods-TheSeven7Tests.debug.xcconfig"; path = "Target Support Files/Pods-TheSeven7Tests/Pods-TheSeven7Tests.debug.xcconfig"; sourceTree = "<group>"; };
		72AFFFA2350458209368F3BC /* Pods-TheSeven7UITests.debug.xcconfig */ = {isa = PBXFileReference; includeInIndex = 1; lastKnownFileType = text.xcconfig; name = "Pods-TheSeven7UITests.debug.xcconfig"; path = "Target Support Files/Pods-TheSeven7UITests/Pods-TheSeven7UITests.debug.xcconfig"; sourceTree = "<group>"; };
		7E0723ACA3E74F1BD823F7D6 /* Pods-TheSeven7.release.xcconfig */ = {isa = PBXFileReference; includeInIndex = 1; lastKnownFileType = text.xcconfig; name = "Pods-TheSeven7.release.xcconfig"; path = "Target Support Files/Pods-TheSeven7/Pods-TheSeven7.release.xcconfig"; sourceTree = "<group>"; };
		96E6D1BD19EC718E45A7B1B0 /* Pods-TheSeven7Tests.release.xcconfig */ = {isa = PBXFileReference; includeInIndex = 1; lastKnownFileType = text.xcconfig; name = "Pods-TheSeven7Tests.release.xcconfig"; path = "Target Support Files/Pods-TheSeven7Tests/Pods-TheSeven7Tests.release.xcconfig"; sourceTree = "<group>"; };
		9D0AB2674D0FB62D0B53EEF8 /* Pods_TheSeven7.framework */ = {isa = PBXFileReference; explicitFileType = wrapper.framework; includeInIndex = 0; path = Pods_TheSeven7.framework; sourceTree = BUILT_PRODUCTS_DIR; };
		A2640FD50BF0C9CE6D982906 /* Pods_TheSeven7Tests.framework */ = {isa = PBXFileReference; explicitFileType = wrapper.framework; includeInIndex = 0; path = Pods_TheSeven7Tests.framework; sourceTree = BUILT_PRODUCTS_DIR; };
		AB8A63F223359E9100BC2D7A /* TheSeven7.app */ = {isa = PBXFileReference; explicitFileType = wrapper.application; includeInIndex = 0; path = TheSeven7.app; sourceTree = BUILT_PRODUCTS_DIR; };
		AB8A63F523359E9100BC2D7A /* AppDelegate.swift */ = {isa = PBXFileReference; lastKnownFileType = sourcecode.swift; path = AppDelegate.swift; sourceTree = "<group>"; };
		AB8A63F723359E9100BC2D7A /* ViewController.swift */ = {isa = PBXFileReference; lastKnownFileType = sourcecode.swift; path = ViewController.swift; sourceTree = "<group>"; };
		AB8A63FA23359E9100BC2D7A /* Base */ = {isa = PBXFileReference; lastKnownFileType = file.storyboard; name = Base; path = Base.lproj/Main.storyboard; sourceTree = "<group>"; };
		AB8A63FC23359E9300BC2D7A /* Assets.xcassets */ = {isa = PBXFileReference; lastKnownFileType = folder.assetcatalog; path = Assets.xcassets; sourceTree = "<group>"; };
		AB8A63FF23359E9300BC2D7A /* Base */ = {isa = PBXFileReference; lastKnownFileType = file.storyboard; name = Base; path = Base.lproj/LaunchScreen.storyboard; sourceTree = "<group>"; };
		AB8A640123359E9300BC2D7A /* Info.plist */ = {isa = PBXFileReference; lastKnownFileType = text.plist.xml; path = Info.plist; sourceTree = "<group>"; };
		AB8A640623359E9300BC2D7A /* TheSeven7Tests.xctest */ = {isa = PBXFileReference; explicitFileType = wrapper.cfbundle; includeInIndex = 0; path = TheSeven7Tests.xctest; sourceTree = BUILT_PRODUCTS_DIR; };
		AB8A640A23359E9300BC2D7A /* TheSeven7Tests.swift */ = {isa = PBXFileReference; lastKnownFileType = sourcecode.swift; path = TheSeven7Tests.swift; sourceTree = "<group>"; };
		AB8A640C23359E9300BC2D7A /* Info.plist */ = {isa = PBXFileReference; lastKnownFileType = text.plist.xml; path = Info.plist; sourceTree = "<group>"; };
		AB8A641123359E9300BC2D7A /* TheSeven7UITests.xctest */ = {isa = PBXFileReference; explicitFileType = wrapper.cfbundle; includeInIndex = 0; path = TheSeven7UITests.xctest; sourceTree = BUILT_PRODUCTS_DIR; };
		AB8A641523359E9300BC2D7A /* TheSeven7UITests.swift */ = {isa = PBXFileReference; lastKnownFileType = sourcecode.swift; path = TheSeven7UITests.swift; sourceTree = "<group>"; };
		AB8A641723359E9300BC2D7A /* Info.plist */ = {isa = PBXFileReference; lastKnownFileType = text.plist.xml; path = Info.plist; sourceTree = "<group>"; };
		AB8A64232335A10500BC2D7A /* ParentViewController.swift */ = {isa = PBXFileReference; lastKnownFileType = sourcecode.swift; path = ParentViewController.swift; sourceTree = "<group>"; };
		BAA27B0515525F5BFB37A218 /* Pods-TheSeven7.debug.xcconfig */ = {isa = PBXFileReference; includeInIndex = 1; lastKnownFileType = text.xcconfig; name = "Pods-TheSeven7.debug.xcconfig"; path = "Target Support Files/Pods-TheSeven7/Pods-TheSeven7.debug.xcconfig"; sourceTree = "<group>"; };
		BEA935F86EA1331F6540DB45 /* Pods_TheSeven7UITests.framework */ = {isa = PBXFileReference; explicitFileType = wrapper.framework; includeInIndex = 0; path = Pods_TheSeven7UITests.framework; sourceTree = BUILT_PRODUCTS_DIR; };
/* End PBXFileReference section */

/* Begin PBXFrameworksBuildPhase section */
		AB8A63EF23359E9100BC2D7A /* Frameworks */ = {
			isa = PBXFrameworksBuildPhase;
			buildActionMask = 2147483647;
			files = (
				7B6B1A208076851F4364E4ED /* Pods_TheSeven7.framework in Frameworks */,
			);
			runOnlyForDeploymentPostprocessing = 0;
		};
		AB8A640323359E9300BC2D7A /* Frameworks */ = {
			isa = PBXFrameworksBuildPhase;
			buildActionMask = 2147483647;
			files = (
				535B991304E158DB43C5A350 /* Pods_TheSeven7Tests.framework in Frameworks */,
			);
			runOnlyForDeploymentPostprocessing = 0;
		};
		AB8A640E23359E9300BC2D7A /* Frameworks */ = {
			isa = PBXFrameworksBuildPhase;
			buildActionMask = 2147483647;
			files = (
				0B56620568BA899532C69C0F /* Pods_TheSeven7UITests.framework in Frameworks */,
			);
			runOnlyForDeploymentPostprocessing = 0;
		};
/* End PBXFrameworksBuildPhase section */

/* Begin PBXGroup section */
		A83ED6C1E7E1FD8D965E371E /* Pods */ = {
			isa = PBXGroup;
			children = (
				BAA27B0515525F5BFB37A218 /* Pods-TheSeven7.debug.xcconfig */,
				7E0723ACA3E74F1BD823F7D6 /* Pods-TheSeven7.release.xcconfig */,
				3D65736BE466911C8A237BE0 /* Pods-TheSeven7Tests.debug.xcconfig */,
				96E6D1BD19EC718E45A7B1B0 /* Pods-TheSeven7Tests.release.xcconfig */,
				72AFFFA2350458209368F3BC /* Pods-TheSeven7UITests.debug.xcconfig */,
				3CDE58E63A8E10378031129E /* Pods-TheSeven7UITests.release.xcconfig */,
			);
			name = Pods;
			path = Pods;
			sourceTree = "<group>";
		};
		AB8A63E923359E9100BC2D7A = {
			isa = PBXGroup;
			children = (
				AB8A63F423359E9100BC2D7A /* TheSeven7 */,
				AB8A640923359E9300BC2D7A /* TheSeven7Tests */,
				AB8A641423359E9300BC2D7A /* TheSeven7UITests */,
				AB8A63F323359E9100BC2D7A /* Products */,
				A83ED6C1E7E1FD8D965E371E /* Pods */,
				CB321907D82C532B5A34B842 /* Frameworks */,
			);
			sourceTree = "<group>";
		};
		AB8A63F323359E9100BC2D7A /* Products */ = {
			isa = PBXGroup;
			children = (
				AB8A63F223359E9100BC2D7A /* TheSeven7.app */,
				AB8A640623359E9300BC2D7A /* TheSeven7Tests.xctest */,
				AB8A641123359E9300BC2D7A /* TheSeven7UITests.xctest */,
			);
			name = Products;
			sourceTree = "<group>";
		};
		AB8A63F423359E9100BC2D7A /* TheSeven7 */ = {
			isa = PBXGroup;
			children = (
				AB8A63F523359E9100BC2D7A /* AppDelegate.swift */,
				AB8A63F723359E9100BC2D7A /* ViewController.swift */,
				AB8A64232335A10500BC2D7A /* ParentViewController.swift */,
				1F828EAC2335A8C200A93A77 /* AgeSelectionViewController.swift */,
				AB8A63F923359E9100BC2D7A /* Main.storyboard */,
				AB8A63FC23359E9300BC2D7A /* Assets.xcassets */,
				AB8A63FE23359E9300BC2D7A /* LaunchScreen.storyboard */,
				AB8A640123359E9300BC2D7A /* Info.plist */,
				1F828EAE2335AA5200A93A77 /* ParentPasswordViewController.swift */,
			);
			path = TheSeven7;
			sourceTree = "<group>";
		};
		AB8A640923359E9300BC2D7A /* TheSeven7Tests */ = {
			isa = PBXGroup;
			children = (
				AB8A640A23359E9300BC2D7A /* TheSeven7Tests.swift */,
				AB8A640C23359E9300BC2D7A /* Info.plist */,
			);
			path = TheSeven7Tests;
			sourceTree = "<group>";
		};
		AB8A641423359E9300BC2D7A /* TheSeven7UITests */ = {
			isa = PBXGroup;
			children = (
				AB8A641523359E9300BC2D7A /* TheSeven7UITests.swift */,
				AB8A641723359E9300BC2D7A /* Info.plist */,
			);
			path = TheSeven7UITests;
			sourceTree = "<group>";
		};
		CB321907D82C532B5A34B842 /* Frameworks */ = {
			isa = PBXGroup;
			children = (
				9D0AB2674D0FB62D0B53EEF8 /* Pods_TheSeven7.framework */,
				A2640FD50BF0C9CE6D982906 /* Pods_TheSeven7Tests.framework */,
				BEA935F86EA1331F6540DB45 /* Pods_TheSeven7UITests.framework */,
			);
			name = Frameworks;
			sourceTree = "<group>";
		};
/* End PBXGroup section */

/* Begin PBXNativeTarget section */
		AB8A63F123359E9100BC2D7A /* TheSeven7 */ = {
			isa = PBXNativeTarget;
			buildConfigurationList = AB8A641A23359E9300BC2D7A /* Build configuration list for PBXNativeTarget "TheSeven7" */;
			buildPhases = (
				FE7916E1A084C74AF8D7C061 /* [CP] Check Pods Manifest.lock */,
				AB8A63EE23359E9100BC2D7A /* Sources */,
				AB8A63EF23359E9100BC2D7A /* Frameworks */,
				AB8A63F023359E9100BC2D7A /* Resources */,
				77CCBA22AB2BEBFF3B54AA7B /* [CP] Embed Pods Frameworks */,
			);
			buildRules = (
			);
			dependencies = (
			);
			name = TheSeven7;
			productName = TheSeven7;
			productReference = AB8A63F223359E9100BC2D7A /* TheSeven7.app */;
			productType = "com.apple.product-type.application";
		};
		AB8A640523359E9300BC2D7A /* TheSeven7Tests */ = {
			isa = PBXNativeTarget;
			buildConfigurationList = AB8A641D23359E9300BC2D7A /* Build configuration list for PBXNativeTarget "TheSeven7Tests" */;
			buildPhases = (
				161D4D705747BF63BDCD4A5E /* [CP] Check Pods Manifest.lock */,
				AB8A640223359E9300BC2D7A /* Sources */,
				AB8A640323359E9300BC2D7A /* Frameworks */,
				AB8A640423359E9300BC2D7A /* Resources */,
			);
			buildRules = (
			);
			dependencies = (
				AB8A640823359E9300BC2D7A /* PBXTargetDependency */,
			);
			name = TheSeven7Tests;
			productName = TheSeven7Tests;
			productReference = AB8A640623359E9300BC2D7A /* TheSeven7Tests.xctest */;
			productType = "com.apple.product-type.bundle.unit-test";
		};
		AB8A641023359E9300BC2D7A /* TheSeven7UITests */ = {
			isa = PBXNativeTarget;
			buildConfigurationList = AB8A642023359E9300BC2D7A /* Build configuration list for PBXNativeTarget "TheSeven7UITests" */;
			buildPhases = (
				BAFDC385E44810F87C872A9A /* [CP] Check Pods Manifest.lock */,
				AB8A640D23359E9300BC2D7A /* Sources */,
				AB8A640E23359E9300BC2D7A /* Frameworks */,
				AB8A640F23359E9300BC2D7A /* Resources */,
			);
			buildRules = (
			);
			dependencies = (
				AB8A641323359E9300BC2D7A /* PBXTargetDependency */,
			);
			name = TheSeven7UITests;
			productName = TheSeven7UITests;
			productReference = AB8A641123359E9300BC2D7A /* TheSeven7UITests.xctest */;
			productType = "com.apple.product-type.bundle.ui-testing";
		};
/* End PBXNativeTarget section */

/* Begin PBXProject section */
		AB8A63EA23359E9100BC2D7A /* Project object */ = {
			isa = PBXProject;
			attributes = {
				LastSwiftUpdateCheck = 1030;
				LastUpgradeCheck = 1030;
				ORGANIZATIONNAME = "Ayline Villegas ";
				TargetAttributes = {
					AB8A63F123359E9100BC2D7A = {
						CreatedOnToolsVersion = 10.3;
					};
					AB8A640523359E9300BC2D7A = {
						CreatedOnToolsVersion = 10.3;
						TestTargetID = AB8A63F123359E9100BC2D7A;
					};
					AB8A641023359E9300BC2D7A = {
						CreatedOnToolsVersion = 10.3;
						TestTargetID = AB8A63F123359E9100BC2D7A;
					};
				};
			};
			buildConfigurationList = AB8A63ED23359E9100BC2D7A /* Build configuration list for PBXProject "TheSeven7" */;
			compatibilityVersion = "Xcode 9.3";
			developmentRegion = en;
			hasScannedForEncodings = 0;
			knownRegions = (
				en,
				Base,
			);
			mainGroup = AB8A63E923359E9100BC2D7A;
			productRefGroup = AB8A63F323359E9100BC2D7A /* Products */;
			projectDirPath = "";
			projectRoot = "";
			targets = (
				AB8A63F123359E9100BC2D7A /* TheSeven7 */,
				AB8A640523359E9300BC2D7A /* TheSeven7Tests */,
				AB8A641023359E9300BC2D7A /* TheSeven7UITests */,
			);
		};
/* End PBXProject section */

/* Begin PBXResourcesBuildPhase section */
		AB8A63F023359E9100BC2D7A /* Resources */ = {
			isa = PBXResourcesBuildPhase;
			buildActionMask = 2147483647;
			files = (
				AB8A640023359E9300BC2D7A /* LaunchScreen.storyboard in Resources */,
				AB8A63FD23359E9300BC2D7A /* Assets.xcassets in Resources */,
				AB8A63FB23359E9100BC2D7A /* Main.storyboard in Resources */,
			);
			runOnlyForDeploymentPostprocessing = 0;
		};
		AB8A640423359E9300BC2D7A /* Resources */ = {
			isa = PBXResourcesBuildPhase;
			buildActionMask = 2147483647;
			files = (
			);
			runOnlyForDeploymentPostprocessing = 0;
		};
		AB8A640F23359E9300BC2D7A /* Resources */ = {
			isa = PBXResourcesBuildPhase;
			buildActionMask = 2147483647;
			files = (
			);
			runOnlyForDeploymentPostprocessing = 0;
		};
/* End PBXResourcesBuildPhase section */

/* Begin PBXShellScriptBuildPhase section */
		161D4D705747BF63BDCD4A5E /* [CP] Check Pods Manifest.lock */ = {
			isa = PBXShellScriptBuildPhase;
			buildActionMask = 2147483647;
			files = (
			);
			inputFileListPaths = (
			);
			inputPaths = (
				"${PODS_PODFILE_DIR_PATH}/Podfile.lock",
				"${PODS_ROOT}/Manifest.lock",
			);
			name = "[CP] Check Pods Manifest.lock";
			outputFileListPaths = (
			);
			outputPaths = (
				"$(DERIVED_FILE_DIR)/Pods-TheSeven7Tests-checkManifestLockResult.txt",
			);
			runOnlyForDeploymentPostprocessing = 0;
			shellPath = /bin/sh;
			shellScript = "diff \"${PODS_PODFILE_DIR_PATH}/Podfile.lock\" \"${PODS_ROOT}/Manifest.lock\" > /dev/null\nif [ $? != 0 ] ; then\n    # print error to STDERR\n    echo \"error: The sandbox is not in sync with the Podfile.lock. Run 'pod install' or update your CocoaPods installation.\" >&2\n    exit 1\nfi\n# This output is used by Xcode 'outputs' to avoid re-running this script phase.\necho \"SUCCESS\" > \"${SCRIPT_OUTPUT_FILE_0}\"\n";
			showEnvVarsInLog = 0;
		};
		77CCBA22AB2BEBFF3B54AA7B /* [CP] Embed Pods Frameworks */ = {
			isa = PBXShellScriptBuildPhase;
			buildActionMask = 2147483647;
			files = (
			);
			inputFileListPaths = (
			);
			inputPaths = (
				"${PODS_ROOT}/Target Support Files/Pods-TheSeven7/Pods-TheSeven7-frameworks.sh",
				"${BUILT_PRODUCTS_DIR}/PMSuperButton/PMSuperButton.framework",
			);
			name = "[CP] Embed Pods Frameworks";
			outputFileListPaths = (
			);
			outputPaths = (
				"${TARGET_BUILD_DIR}/${FRAMEWORKS_FOLDER_PATH}/PMSuperButton.framework",
			);
			runOnlyForDeploymentPostprocessing = 0;
			shellPath = /bin/sh;
			shellScript = "\"${PODS_ROOT}/Target Support Files/Pods-TheSeven7/Pods-TheSeven7-frameworks.sh\"\n";
			showEnvVarsInLog = 0;
		};
		BAFDC385E44810F87C872A9A /* [CP] Check Pods Manifest.lock */ = {
			isa = PBXShellScriptBuildPhase;
			buildActionMask = 2147483647;
			files = (
			);
			inputFileListPaths = (
			);
			inputPaths = (
				"${PODS_PODFILE_DIR_PATH}/Podfile.lock",
				"${PODS_ROOT}/Manifest.lock",
			);
			name = "[CP] Check Pods Manifest.lock";
			outputFileListPaths = (
			);
			outputPaths = (
				"$(DERIVED_FILE_DIR)/Pods-TheSeven7UITests-checkManifestLockResult.txt",
			);
			runOnlyForDeploymentPostprocessing = 0;
			shellPath = /bin/sh;
			shellScript = "diff \"${PODS_PODFILE_DIR_PATH}/Podfile.lock\" \"${PODS_ROOT}/Manifest.lock\" > /dev/null\nif [ $? != 0 ] ; then\n    # print error to STDERR\n    echo \"error: The sandbox is not in sync with the Podfile.lock. Run 'pod install' or update your CocoaPods installation.\" >&2\n    exit 1\nfi\n# This output is used by Xcode 'outputs' to avoid re-running this script phase.\necho \"SUCCESS\" > \"${SCRIPT_OUTPUT_FILE_0}\"\n";
			showEnvVarsInLog = 0;
		};
		FE7916E1A084C74AF8D7C061 /* [CP] Check Pods Manifest.lock */ = {
			isa = PBXShellScriptBuildPhase;
			buildActionMask = 2147483647;
			files = (
			);
			inputFileListPaths = (
			);
			inputPaths = (
				"${PODS_PODFILE_DIR_PATH}/Podfile.lock",
				"${PODS_ROOT}/Manifest.lock",
			);
			name = "[CP] Check Pods Manifest.lock";
			outputFileListPaths = (
			);
			outputPaths = (
				"$(DERIVED_FILE_DIR)/Pods-TheSeven7-checkManifestLockResult.txt",
			);
			runOnlyForDeploymentPostprocessing = 0;
			shellPath = /bin/sh;
			shellScript = "diff \"${PODS_PODFILE_DIR_PATH}/Podfile.lock\" \"${PODS_ROOT}/Manifest.lock\" > /dev/null\nif [ $? != 0 ] ; then\n    # print error to STDERR\n    echo \"error: The sandbox is not in sync with the Podfile.lock. Run 'pod install' or update your CocoaPods installation.\" >&2\n    exit 1\nfi\n# This output is used by Xcode 'outputs' to avoid re-running this script phase.\necho \"SUCCESS\" > \"${SCRIPT_OUTPUT_FILE_0}\"\n";
			showEnvVarsInLog = 0;
		};
/* End PBXShellScriptBuildPhase section */

/* Begin PBXSourcesBuildPhase section */
		AB8A63EE23359E9100BC2D7A /* Sources */ = {
			isa = PBXSourcesBuildPhase;
			buildActionMask = 2147483647;
			files = (
				AB8A63F823359E9100BC2D7A /* ViewController.swift in Sources */,
				AB8A63F623359E9100BC2D7A /* AppDelegate.swift in Sources */,
				1F828EAD2335A8C200A93A77 /* AgeSelectionViewController.swift in Sources */,
				AB8A64242335A10500BC2D7A /* ParentViewController.swift in Sources */,
				1F828EAF2335AA5200A93A77 /* ParentPasswordViewController.swift in Sources */,
			);
			runOnlyForDeploymentPostprocessing = 0;
		};
		AB8A640223359E9300BC2D7A /* Sources */ = {
			isa = PBXSourcesBuildPhase;
			buildActionMask = 2147483647;
			files = (
				AB8A640B23359E9300BC2D7A /* TheSeven7Tests.swift in Sources */,
			);
			runOnlyForDeploymentPostprocessing = 0;
		};
		AB8A640D23359E9300BC2D7A /* Sources */ = {
			isa = PBXSourcesBuildPhase;
			buildActionMask = 2147483647;
			files = (
				AB8A641623359E9300BC2D7A /* TheSeven7UITests.swift in Sources */,
			);
			runOnlyForDeploymentPostprocessing = 0;
		};
/* End PBXSourcesBuildPhase section */

/* Begin PBXTargetDependency section */
		AB8A640823359E9300BC2D7A /* PBXTargetDependency */ = {
			isa = PBXTargetDependency;
			target = AB8A63F123359E9100BC2D7A /* TheSeven7 */;
			targetProxy = AB8A640723359E9300BC2D7A /* PBXContainerItemProxy */;
		};
		AB8A641323359E9300BC2D7A /* PBXTargetDependency */ = {
			isa = PBXTargetDependency;
			target = AB8A63F123359E9100BC2D7A /* TheSeven7 */;
			targetProxy = AB8A641223359E9300BC2D7A /* PBXContainerItemProxy */;
		};
/* End PBXTargetDependency section */

/* Begin PBXVariantGroup section */
		AB8A63F923359E9100BC2D7A /* Main.storyboard */ = {
			isa = PBXVariantGroup;
			children = (
				AB8A63FA23359E9100BC2D7A /* Base */,
			);
			name = Main.storyboard;
			sourceTree = "<group>";
		};
		AB8A63FE23359E9300BC2D7A /* LaunchScreen.storyboard */ = {
			isa = PBXVariantGroup;
			children = (
				AB8A63FF23359E9300BC2D7A /* Base */,
			);
			name = LaunchScreen.storyboard;
			sourceTree = "<group>";
		};
/* End PBXVariantGroup section */

/* Begin XCBuildConfiguration section */
		AB8A641823359E9300BC2D7A /* Debug */ = {
			isa = XCBuildConfiguration;
			buildSettings = {
				ALWAYS_SEARCH_USER_PATHS = NO;
				CLANG_ANALYZER_NONNULL = YES;
				CLANG_ANALYZER_NUMBER_OBJECT_CONVERSION = YES_AGGRESSIVE;
				CLANG_CXX_LANGUAGE_STANDARD = "gnu++14";
				CLANG_CXX_LIBRARY = "libc++";
				CLANG_ENABLE_MODULES = YES;
				CLANG_ENABLE_OBJC_ARC = YES;
				CLANG_ENABLE_OBJC_WEAK = YES;
				CLANG_WARN_BLOCK_CAPTURE_AUTORELEASING = YES;
				CLANG_WARN_BOOL_CONVERSION = YES;
				CLANG_WARN_COMMA = YES;
				CLANG_WARN_CONSTANT_CONVERSION = YES;
				CLANG_WARN_DEPRECATED_OBJC_IMPLEMENTATIONS = YES;
				CLANG_WARN_DIRECT_OBJC_ISA_USAGE = YES_ERROR;
				CLANG_WARN_DOCUMENTATION_COMMENTS = YES;
				CLANG_WARN_EMPTY_BODY = YES;
				CLANG_WARN_ENUM_CONVERSION = YES;
				CLANG_WARN_INFINITE_RECURSION = YES;
				CLANG_WARN_INT_CONVERSION = YES;
				CLANG_WARN_NON_LITERAL_NULL_CONVERSION = YES;
				CLANG_WARN_OBJC_IMPLICIT_RETAIN_SELF = YES;
				CLANG_WARN_OBJC_LITERAL_CONVERSION = YES;
				CLANG_WARN_OBJC_ROOT_CLASS = YES_ERROR;
				CLANG_WARN_RANGE_LOOP_ANALYSIS = YES;
				CLANG_WARN_STRICT_PROTOTYPES = YES;
				CLANG_WARN_SUSPICIOUS_MOVE = YES;
				CLANG_WARN_UNGUARDED_AVAILABILITY = YES_AGGRESSIVE;
				CLANG_WARN_UNREACHABLE_CODE = YES;
				CLANG_WARN__DUPLICATE_METHOD_MATCH = YES;
				CODE_SIGN_IDENTITY = "iPhone Developer";
				COPY_PHASE_STRIP = NO;
				DEBUG_INFORMATION_FORMAT = dwarf;
				ENABLE_STRICT_OBJC_MSGSEND = YES;
				ENABLE_TESTABILITY = YES;
				GCC_C_LANGUAGE_STANDARD = gnu11;
				GCC_DYNAMIC_NO_PIC = NO;
				GCC_NO_COMMON_BLOCKS = YES;
				GCC_OPTIMIZATION_LEVEL = 0;
				GCC_PREPROCESSOR_DEFINITIONS = (
					"DEBUG=1",
					"$(inherited)",
				);
				GCC_WARN_64_TO_32_BIT_CONVERSION = YES;
				GCC_WARN_ABOUT_RETURN_TYPE = YES_ERROR;
				GCC_WARN_UNDECLARED_SELECTOR = YES;
				GCC_WARN_UNINITIALIZED_AUTOS = YES_AGGRESSIVE;
				GCC_WARN_UNUSED_FUNCTION = YES;
				GCC_WARN_UNUSED_VARIABLE = YES;
				IPHONEOS_DEPLOYMENT_TARGET = 12.4;
				MTL_ENABLE_DEBUG_INFO = INCLUDE_SOURCE;
				MTL_FAST_MATH = YES;
				ONLY_ACTIVE_ARCH = YES;
				SDKROOT = iphoneos;
				SWIFT_ACTIVE_COMPILATION_CONDITIONS = DEBUG;
				SWIFT_OPTIMIZATION_LEVEL = "-Onone";
			};
			name = Debug;
		};
		AB8A641923359E9300BC2D7A /* Release */ = {
			isa = XCBuildConfiguration;
			buildSettings = {
				ALWAYS_SEARCH_USER_PATHS = NO;
				CLANG_ANALYZER_NONNULL = YES;
				CLANG_ANALYZER_NUMBER_OBJECT_CONVERSION = YES_AGGRESSIVE;
				CLANG_CXX_LANGUAGE_STANDARD = "gnu++14";
				CLANG_CXX_LIBRARY = "libc++";
				CLANG_ENABLE_MODULES = YES;
				CLANG_ENABLE_OBJC_ARC = YES;
				CLANG_ENABLE_OBJC_WEAK = YES;
				CLANG_WARN_BLOCK_CAPTURE_AUTORELEASING = YES;
				CLANG_WARN_BOOL_CONVERSION = YES;
				CLANG_WARN_COMMA = YES;
				CLANG_WARN_CONSTANT_CONVERSION = YES;
				CLANG_WARN_DEPRECATED_OBJC_IMPLEMENTATIONS = YES;
				CLANG_WARN_DIRECT_OBJC_ISA_USAGE = YES_ERROR;
				CLANG_WARN_DOCUMENTATION_COMMENTS = YES;
				CLANG_WARN_EMPTY_BODY = YES;
				CLANG_WARN_ENUM_CONVERSION = YES;
				CLANG_WARN_INFINITE_RECURSION = YES;
				CLANG_WARN_INT_CONVERSION = YES;
				CLANG_WARN_NON_LITERAL_NULL_CONVERSION = YES;
				CLANG_WARN_OBJC_IMPLICIT_RETAIN_SELF = YES;
				CLANG_WARN_OBJC_LITERAL_CONVERSION = YES;
				CLANG_WARN_OBJC_ROOT_CLASS = YES_ERROR;
				CLANG_WARN_RANGE_LOOP_ANALYSIS = YES;
				CLANG_WARN_STRICT_PROTOTYPES = YES;
				CLANG_WARN_SUSPICIOUS_MOVE = YES;
				CLANG_WARN_UNGUARDED_AVAILABILITY = YES_AGGRESSIVE;
				CLANG_WARN_UNREACHABLE_CODE = YES;
				CLANG_WARN__DUPLICATE_METHOD_MATCH = YES;
				CODE_SIGN_IDENTITY = "iPhone Developer";
				COPY_PHASE_STRIP = NO;
				DEBUG_INFORMATION_FORMAT = "dwarf-with-dsym";
				ENABLE_NS_ASSERTIONS = NO;
				ENABLE_STRICT_OBJC_MSGSEND = YES;
				GCC_C_LANGUAGE_STANDARD = gnu11;
				GCC_NO_COMMON_BLOCKS = YES;
				GCC_WARN_64_TO_32_BIT_CONVERSION = YES;
				GCC_WARN_ABOUT_RETURN_TYPE = YES_ERROR;
				GCC_WARN_UNDECLARED_SELECTOR = YES;
				GCC_WARN_UNINITIALIZED_AUTOS = YES_AGGRESSIVE;
				GCC_WARN_UNUSED_FUNCTION = YES;
				GCC_WARN_UNUSED_VARIABLE = YES;
				IPHONEOS_DEPLOYMENT_TARGET = 12.4;
				MTL_ENABLE_DEBUG_INFO = NO;
				MTL_FAST_MATH = YES;
				SDKROOT = iphoneos;
				SWIFT_COMPILATION_MODE = wholemodule;
				SWIFT_OPTIMIZATION_LEVEL = "-O";
				VALIDATE_PRODUCT = YES;
			};
			name = Release;
		};
		AB8A641B23359E9300BC2D7A /* Debug */ = {
			isa = XCBuildConfiguration;
			baseConfigurationReference = BAA27B0515525F5BFB37A218 /* Pods-TheSeven7.debug.xcconfig */;
			buildSettings = {
				ASSETCATALOG_COMPILER_APPICON_NAME = AppIcon;
				CODE_SIGN_STYLE = Automatic;
				DEVELOPMENT_TEAM = V63U38CVGQ;
				INFOPLIST_FILE = TheSeven7/Info.plist;
				LD_RUNPATH_SEARCH_PATHS = (
					"$(inherited)",
					"@executable_path/Frameworks",
				);
				PRODUCT_BUNDLE_IDENTIFIER = com.AylineVillegas.TheSeven7;
				PRODUCT_NAME = "$(TARGET_NAME)";
				SWIFT_VERSION = 5.0;
				TARGETED_DEVICE_FAMILY = "1,2";
			};
			name = Debug;
		};
		AB8A641C23359E9300BC2D7A /* Release */ = {
			isa = XCBuildConfiguration;
			baseConfigurationReference = 7E0723ACA3E74F1BD823F7D6 /* Pods-TheSeven7.release.xcconfig */;
			buildSettings = {
				ASSETCATALOG_COMPILER_APPICON_NAME = AppIcon;
				CODE_SIGN_STYLE = Automatic;
				DEVELOPMENT_TEAM = V63U38CVGQ;
				INFOPLIST_FILE = TheSeven7/Info.plist;
				LD_RUNPATH_SEARCH_PATHS = (
					"$(inherited)",
					"@executable_path/Frameworks",
				);
				PRODUCT_BUNDLE_IDENTIFIER = com.AylineVillegas.TheSeven7;
				PRODUCT_NAME = "$(TARGET_NAME)";
				SWIFT_VERSION = 5.0;
				TARGETED_DEVICE_FAMILY = "1,2";
			};
			name = Release;
		};
		AB8A641E23359E9300BC2D7A /* Debug */ = {
			isa = XCBuildConfiguration;
			baseConfigurationReference = 3D65736BE466911C8A237BE0 /* Pods-TheSeven7Tests.debug.xcconfig */;
			buildSettings = {
				ALWAYS_EMBED_SWIFT_STANDARD_LIBRARIES = YES;
				BUNDLE_LOADER = "$(TEST_HOST)";
				CODE_SIGN_STYLE = Automatic;
				DEVELOPMENT_TEAM = V63U38CVGQ;
				INFOPLIST_FILE = TheSeven7Tests/Info.plist;
				LD_RUNPATH_SEARCH_PATHS = (
					"$(inherited)",
					"@executable_path/Frameworks",
					"@loader_path/Frameworks",
				);
				PRODUCT_BUNDLE_IDENTIFIER = com.AylineVillegas.TheSeven7Tests;
				PRODUCT_NAME = "$(TARGET_NAME)";
				SWIFT_VERSION = 5.0;
				TARGETED_DEVICE_FAMILY = "1,2";
				TEST_HOST = "$(BUILT_PRODUCTS_DIR)/TheSeven7.app/TheSeven7";
			};
			name = Debug;
		};
		AB8A641F23359E9300BC2D7A /* Release */ = {
			isa = XCBuildConfiguration;
			baseConfigurationReference = 96E6D1BD19EC718E45A7B1B0 /* Pods-TheSeven7Tests.release.xcconfig */;
			buildSettings = {
				ALWAYS_EMBED_SWIFT_STANDARD_LIBRARIES = YES;
				BUNDLE_LOADER = "$(TEST_HOST)";
				CODE_SIGN_STYLE = Automatic;
				DEVELOPMENT_TEAM = V63U38CVGQ;
				INFOPLIST_FILE = TheSeven7Tests/Info.plist;
				LD_RUNPATH_SEARCH_PATHS = (
					"$(inherited)",
					"@executable_path/Frameworks",
					"@loader_path/Frameworks",
				);
				PRODUCT_BUNDLE_IDENTIFIER = com.AylineVillegas.TheSeven7Tests;
				PRODUCT_NAME = "$(TARGET_NAME)";
				SWIFT_VERSION = 5.0;
				TARGETED_DEVICE_FAMILY = "1,2";
				TEST_HOST = "$(BUILT_PRODUCTS_DIR)/TheSeven7.app/TheSeven7";
			};
			name = Release;
		};
		AB8A642123359E9300BC2D7A /* Debug */ = {
			isa = XCBuildConfiguration;
			baseConfigurationReference = 72AFFFA2350458209368F3BC /* Pods-TheSeven7UITests.debug.xcconfig */;
			buildSettings = {
				ALWAYS_EMBED_SWIFT_STANDARD_LIBRARIES = YES;
				CODE_SIGN_STYLE = Automatic;
				DEVELOPMENT_TEAM = V63U38CVGQ;
				INFOPLIST_FILE = TheSeven7UITests/Info.plist;
				LD_RUNPATH_SEARCH_PATHS = (
					"$(inherited)",
					"@executable_path/Frameworks",
					"@loader_path/Frameworks",
				);
				PRODUCT_BUNDLE_IDENTIFIER = com.AylineVillegas.TheSeven7UITests;
				PRODUCT_NAME = "$(TARGET_NAME)";
				SWIFT_VERSION = 5.0;
				TARGETED_DEVICE_FAMILY = "1,2";
				TEST_TARGET_NAME = TheSeven7;
			};
			name = Debug;
		};
		AB8A642223359E9300BC2D7A /* Release */ = {
			isa = XCBuildConfiguration;
			baseConfigurationReference = 3CDE58E63A8E10378031129E /* Pods-TheSeven7UITests.release.xcconfig */;
			buildSettings = {
				ALWAYS_EMBED_SWIFT_STANDARD_LIBRARIES = YES;
				CODE_SIGN_STYLE = Automatic;
				DEVELOPMENT_TEAM = V63U38CVGQ;
				INFOPLIST_FILE = TheSeven7UITests/Info.plist;
				LD_RUNPATH_SEARCH_PATHS = (
					"$(inherited)",
					"@executable_path/Frameworks",
					"@loader_path/Frameworks",
				);
				PRODUCT_BUNDLE_IDENTIFIER = com.AylineVillegas.TheSeven7UITests;
				PRODUCT_NAME = "$(TARGET_NAME)";
				SWIFT_VERSION = 5.0;
				TARGETED_DEVICE_FAMILY = "1,2";
				TEST_TARGET_NAME = TheSeven7;
			};
			name = Release;
		};
/* End XCBuildConfiguration section */

/* Begin XCConfigurationList section */
		AB8A63ED23359E9100BC2D7A /* Build configuration list for PBXProject "TheSeven7" */ = {
			isa = XCConfigurationList;
			buildConfigurations = (
				AB8A641823359E9300BC2D7A /* Debug */,
				AB8A641923359E9300BC2D7A /* Release */,
			);
			defaultConfigurationIsVisible = 0;
			defaultConfigurationName = Release;
		};
		AB8A641A23359E9300BC2D7A /* Build configuration list for PBXNativeTarget "TheSeven7" */ = {
			isa = XCConfigurationList;
			buildConfigurations = (
				AB8A641B23359E9300BC2D7A /* Debug */,
				AB8A641C23359E9300BC2D7A /* Release */,
			);
			defaultConfigurationIsVisible = 0;
			defaultConfigurationName = Release;
		};
		AB8A641D23359E9300BC2D7A /* Build configuration list for PBXNativeTarget "TheSeven7Tests" */ = {
			isa = XCConfigurationList;
			buildConfigurations = (
				AB8A641E23359E9300BC2D7A /* Debug */,
				AB8A641F23359E9300BC2D7A /* Release */,
			);
			defaultConfigurationIsVisible = 0;
			defaultConfigurationName = Release;
		};
		AB8A642023359E9300BC2D7A /* Build configuration list for PBXNativeTarget "TheSeven7UITests" */ = {
			isa = XCConfigurationList;
			buildConfigurations = (
				AB8A642123359E9300BC2D7A /* Debug */,
				AB8A642223359E9300BC2D7A /* Release */,
			);
			defaultConfigurationIsVisible = 0;
			defaultConfigurationName = Release;
		};
/* End XCConfigurationList section */
	};
	rootObject = AB8A63EA23359E9100BC2D7A /* Project object */;
}
